
Microsoft Visual Studio Solution File, Format Version 12.00
# Visual Studio Version 17
VisualStudioVersion = 17.3.32929.385
MinimumVisualStudioVersion = 10.0.40219.1
Project("{FAE04EC0-301F-11D3-BF4B-00C04F79EFBC}") = "string_masivi", "string_masivi\string_masivi.csproj", "{E1C9DE59-5A62-42DA-B9BD-D1AB469D8D03}"
EndProject
Global
	GlobalSection(SolutionConfigurationPlatforms) = preSolution
		Debug|Any CPU = Debug|Any CPU
		Release|Any CPU = Release|Any CPU
	EndGlobalSection
	GlobalSection(ProjectConfigurationPlatforms) = postSolution
		{E1C9DE59-5A62-42DA-B9BD-D1AB469D8D03}.Debug|Any CPU.ActiveCfg = Debug|Any CPU
		{E1C9DE59-5A62-42DA-B9BD-D1AB469D8D03}.Debug|Any CPU.Build.0 = Debug|Any CPU
		{E1C9DE59-5A62-42DA-B9BD-D1AB469D8D03}.Release|Any CPU.ActiveCfg = Release|Any CPU
		{E1C9DE59-5A62-42DA-B9BD-D1AB469D8D03}.Release|Any CPU.Build.0 = Release|Any CPU
	EndGlobalSection
	GlobalSection(SolutionProperties) = preSolution
		HideSolutionNode = FALSE
	EndGlobalSection
	GlobalSection(ExtensibilityGlobals) = postSolution
		SolutionGuid = {7AA39884-4AF2-48AC-A4D7-617606A14D4D}
	EndGlobalSection
EndGlobal
