
Microsoft Visual Studio Solution File, Format Version 12.00
# Visual Studio Version 17
VisualStudioVersion = 17.3.32901.215
MinimumVisualStudioVersion = 10.0.40219.1
Project("{FAE04EC0-301F-11D3-BF4B-00C04F79EFBC}") = "Kartosana_16", "Kartosana_16\Kartosana_16.csproj", "{49982431-B638-451E-8AB9-0B848E9FC3F0}"
EndProject
Global
	GlobalSection(SolutionConfigurationPlatforms) = preSolution
		Debug|Any CPU = Debug|Any CPU
		Release|Any CPU = Release|Any CPU
	EndGlobalSection
	GlobalSection(ProjectConfigurationPlatforms) = postSolution
		{49982431-B638-451E-8AB9-0B848E9FC3F0}.Debug|Any CPU.ActiveCfg = Debug|Any CPU
		{49982431-B638-451E-8AB9-0B848E9FC3F0}.Debug|Any CPU.Build.0 = Debug|Any CPU
		{49982431-B638-451E-8AB9-0B848E9FC3F0}.Release|Any CPU.ActiveCfg = Release|Any CPU
		{49982431-B638-451E-8AB9-0B848E9FC3F0}.Release|Any CPU.Build.0 = Release|Any CPU
	EndGlobalSection
	GlobalSection(SolutionProperties) = preSolution
		HideSolutionNode = FALSE
	EndGlobalSection
	GlobalSection(ExtensibilityGlobals) = postSolution
		SolutionGuid = {A5D6087C-C0AF-420C-9F76-A3C27E3C00BE}
	EndGlobalSection
EndGlobal
