
Microsoft Visual Studio Solution File, Format Version 12.00
# Visual Studio Version 17
VisualStudioVersion = 17.3.32901.215
MinimumVisualStudioVersion = 10.0.40219.1
Project("{FAE04EC0-301F-11D3-BF4B-00C04F79EFBC}") = "10_refout", "10_refout\10_refout.csproj", "{DBE40A89-57B3-49B9-B76A-4157BDC2E6A7}"
EndProject
Global
	GlobalSection(SolutionConfigurationPlatforms) = preSolution
		Debug|Any CPU = Debug|Any CPU
		Release|Any CPU = Release|Any CPU
	EndGlobalSection
	GlobalSection(ProjectConfigurationPlatforms) = postSolution
		{DBE40A89-57B3-49B9-B76A-4157BDC2E6A7}.Debug|Any CPU.ActiveCfg = Debug|Any CPU
		{DBE40A89-57B3-49B9-B76A-4157BDC2E6A7}.Debug|Any CPU.Build.0 = Debug|Any CPU
		{DBE40A89-57B3-49B9-B76A-4157BDC2E6A7}.Release|Any CPU.ActiveCfg = Release|Any CPU
		{DBE40A89-57B3-49B9-B76A-4157BDC2E6A7}.Release|Any CPU.Build.0 = Release|Any CPU
	EndGlobalSection
	GlobalSection(SolutionProperties) = preSolution
		HideSolutionNode = FALSE
	EndGlobalSection
	GlobalSection(ExtensibilityGlobals) = postSolution
		SolutionGuid = {78D4C2BD-5AB3-40BC-B24B-019FA820A593}
	EndGlobalSection
EndGlobal
