
Microsoft Visual Studio Solution File, Format Version 12.00
# Visual Studio Version 17
VisualStudioVersion = 17.3.32901.215
MinimumVisualStudioVersion = 10.0.40219.1
Project("{FAE04EC0-301F-11D3-BF4B-00C04F79EFBC}") = "12_static_function", "12_static_function\12_static_function.csproj", "{1983E535-932C-4089-A5D3-60F06EB7BC71}"
EndProject
Global
	GlobalSection(SolutionConfigurationPlatforms) = preSolution
		Debug|Any CPU = Debug|Any CPU
		Release|Any CPU = Release|Any CPU
	EndGlobalSection
	GlobalSection(ProjectConfigurationPlatforms) = postSolution
		{1983E535-932C-4089-A5D3-60F06EB7BC71}.Debug|Any CPU.ActiveCfg = Debug|Any CPU
		{1983E535-932C-4089-A5D3-60F06EB7BC71}.Debug|Any CPU.Build.0 = Debug|Any CPU
		{1983E535-932C-4089-A5D3-60F06EB7BC71}.Release|Any CPU.ActiveCfg = Release|Any CPU
		{1983E535-932C-4089-A5D3-60F06EB7BC71}.Release|Any CPU.Build.0 = Release|Any CPU
	EndGlobalSection
	GlobalSection(SolutionProperties) = preSolution
		HideSolutionNode = FALSE
	EndGlobalSection
	GlobalSection(ExtensibilityGlobals) = postSolution
		SolutionGuid = {D6084C49-4EF8-4C34-A0FC-1173446461F5}
	EndGlobalSection
EndGlobal
